// !$*UTF8*$!
{
	archiveVersion = 1;
	classes = {
	};
	objectVersion = 50;
	objects = {

/* Begin PBXBuildFile section */
		E6CE5EFD234D441900B9F471 /* AppDelegate.swift in Sources */ = {isa = PBXBuildFile; fileRef = E6CE5EFC234D441900B9F471 /* AppDelegate.swift */; };
		E6CE5EFF234D441900B9F471 /* art.scnassets in Resources */ = {isa = PBXBuildFile; fileRef = E6CE5EFE234D441900B9F471 /* art.scnassets */; };
		E6CE5F01234D441900B9F471 /* ViewController.swift in Sources */ = {isa = PBXBuildFile; fileRef = E6CE5F00234D441900B9F471 /* ViewController.swift */; };
		E6CE5F04234D441900B9F471 /* Main.storyboard in Resources */ = {isa = PBXBuildFile; fileRef = E6CE5F02234D441900B9F471 /* Main.storyboard */; };
		E6CE5F06234D441A00B9F471 /* Assets.xcassets in Resources */ = {isa = PBXBuildFile; fileRef = E6CE5F05234D441A00B9F471 /* Assets.xcassets */; };
		E6CE5F09234D441A00B9F471 /* LaunchScreen.storyboard in Resources */ = {isa = PBXBuildFile; fileRef = E6CE5F07234D441A00B9F471 /* LaunchScreen.storyboard */; };
		E6CE5F14234D441A00B9F471 /* SceneKitProjectTests.swift in Sources */ = {isa = PBXBuildFile; fileRef = E6CE5F13234D441A00B9F471 /* SceneKitProjectTests.swift */; };
		E6CE5F1F234D441A00B9F471 /* SceneKitProjectUITests.swift in Sources */ = {isa = PBXBuildFile; fileRef = E6CE5F1E234D441A00B9F471 /* SceneKitProjectUITests.swift */; };
/* End PBXBuildFile section */

/* Begin PBXContainerItemProxy section */
		E6CE5F10234D441A00B9F471 /* PBXContainerItemProxy */ = {
			isa = PBXContainerItemProxy;
			containerPortal = E6CE5EF1234D441900B9F471 /* Project object */;
			proxyType = 1;
			remoteGlobalIDString = E6CE5EF8234D441900B9F471;
			remoteInfo = SceneKitProject;
		};
		E6CE5F1B234D441A00B9F471 /* PBXContainerItemProxy */ = {
			isa = PBXContainerItemProxy;
			containerPortal = E6CE5EF1234D441900B9F471 /* Project object */;
			proxyType = 1;
			remoteGlobalIDString = E6CE5EF8234D441900B9F471;
			remoteInfo = SceneKitProject;
		};
/* End PBXContainerItemProxy section */

/* Begin PBXFileReference section */
		E6CE5EF9234D441900B9F471 /* SceneKitProject.app */ = {isa = PBXFileReference; explicitFileType = wrapper.application; includeInIndex = 0; path = SceneKitProject.app; sourceTree = BUILT_PRODUCTS_DIR; };
		E6CE5EFC234D441900B9F471 /* AppDelegate.swift */ = {isa = PBXFileReference; lastKnownFileType = sourcecode.swift; path = AppDelegate.swift; sourceTree = "<group>"; };
		E6CE5EFE234D441900B9F471 /* art.scnassets */ = {isa = PBXFileReference; lastKnownFileType = wrapper.scnassets; path = art.scnassets; sourceTree = "<group>"; };
		E6CE5F00234D441900B9F471 /* ViewController.swift */ = {isa = PBXFileReference; lastKnownFileType = sourcecode.swift; path = ViewController.swift; sourceTree = "<group>"; };
		E6CE5F03234D441900B9F471 /* Base */ = {isa = PBXFileReference; lastKnownFileType = file.storyboard; name = Base; path = Base.lproj/Main.storyboard; sourceTree = "<group>"; };
		E6CE5F05234D441A00B9F471 /* Assets.xcassets */ = {isa = PBXFileReference; lastKnownFileType = folder.assetcatalog; path = Assets.xcassets; sourceTree = "<group>"; };
		E6CE5F08234D441A00B9F471 /* Base */ = {isa = PBXFileReference; lastKnownFileType = file.storyboard; name = Base; path = Base.lproj/LaunchScreen.storyboard; sourceTree = "<group>"; };
		E6CE5F0A234D441A00B9F471 /* Info.plist */ = {isa = PBXFileReference; lastKnownFileType = text.plist.xml; path = Info.plist; sourceTree = "<group>"; };
		E6CE5F0F234D441A00B9F471 /* SceneKitProjectTests.xctest */ = {isa = PBXFileReference; explicitFileType = wrapper.cfbundle; includeInIndex = 0; path = SceneKitProjectTests.xctest; sourceTree = BUILT_PRODUCTS_DIR; };
		E6CE5F13234D441A00B9F471 /* SceneKitProjectTests.swift */ = {isa = PBXFileReference; lastKnownFileType = sourcecode.swift; path = SceneKitProjectTests.swift; sourceTree = "<group>"; };
		E6CE5F15234D441A00B9F471 /* Info.plist */ = {isa = PBXFileReference; lastKnownFileType = text.plist.xml; path = Info.plist; sourceTree = "<group>"; };
		E6CE5F1A234D441A00B9F471 /* SceneKitProjectUITests.xctest */ = {isa = PBXFileReference; explicitFileType = wrapper.cfbundle; includeInIndex = 0; path = SceneKitProjectUITests.xctest; sourceTree = BUILT_PRODUCTS_DIR; };
		E6CE5F1E234D441A00B9F471 /* SceneKitProjectUITests.swift */ = {isa = PBXFileReference; lastKnownFileType = sourcecode.swift; path = SceneKitProjectUITests.swift; sourceTree = "<group>"; };
		E6CE5F20234D441A00B9F471 /* Info.plist */ = {isa = PBXFileReference; lastKnownFileType = text.plist.xml; path = Info.plist; sourceTree = "<group>"; };
/* End PBXFileReference section */

/* Begin PBXFrameworksBuildPhase section */
		E6CE5EF6234D441900B9F471 /* Frameworks */ = {
			isa = PBXFrameworksBuildPhase;
			buildActionMask = 2147483647;
			files = (
			);
			runOnlyForDeploymentPostprocessing = 0;
		};
		E6CE5F0C234D441A00B9F471 /* Frameworks */ = {
			isa = PBXFrameworksBuildPhase;
			buildActionMask = 2147483647;
			files = (
			);
			runOnlyForDeploymentPostprocessing = 0;
		};
		E6CE5F17234D441A00B9F471 /* Frameworks */ = {
			isa = PBXFrameworksBuildPhase;
			buildActionMask = 2147483647;
			files = (
			);
			runOnlyForDeploymentPostprocessing = 0;
		};
/* End PBXFrameworksBuildPhase section */

/* Begin PBXGroup section */
		E6CE5EF0234D441900B9F471 = {
			isa = PBXGroup;
			children = (
				E6CE5EFB234D441900B9F471 /* SceneKitProject */,
				E6CE5F12234D441A00B9F471 /* SceneKitProjectTests */,
				E6CE5F1D234D441A00B9F471 /* SceneKitProjectUITests */,
				E6CE5EFA234D441900B9F471 /* Products */,
			);
			sourceTree = "<group>";
		};
		E6CE5EFA234D441900B9F471 /* Products */ = {
			isa = PBXGroup;
			children = (
				E6CE5EF9234D441900B9F471 /* SceneKitProject.app */,
				E6CE5F0F234D441A00B9F471 /* SceneKitProjectTests.xctest */,
				E6CE5F1A234D441A00B9F471 /* SceneKitProjectUITests.xctest */,
			);
			name = Products;
			sourceTree = "<group>";
		};
		E6CE5EFB234D441900B9F471 /* SceneKitProject */ = {
			isa = PBXGroup;
			children = (
				E6CE5EFC234D441900B9F471 /* AppDelegate.swift */,
				E6CE5EFE234D441900B9F471 /* art.scnassets */,
				E6CE5F00234D441900B9F471 /* ViewController.swift */,
				E6CE5F02234D441900B9F471 /* Main.storyboard */,
				E6CE5F05234D441A00B9F471 /* Assets.xcassets */,
				E6CE5F07234D441A00B9F471 /* LaunchScreen.storyboard */,
				E6CE5F0A234D441A00B9F471 /* Info.plist */,
			);
			path = SceneKitProject;
			sourceTree = "<group>";
		};
		E6CE5F12234D441A00B9F471 /* SceneKitProjectTests */ = {
			isa = PBXGroup;
			children = (
				E6CE5F13234D441A00B9F471 /* SceneKitProjectTests.swift */,
				E6CE5F15234D441A00B9F471 /* Info.plist */,
			);
			path = SceneKitProjectTests;
			sourceTree = "<group>";
		};
		E6CE5F1D234D441A00B9F471 /* SceneKitProjectUITests */ = {
			isa = PBXGroup;
			children = (
				E6CE5F1E234D441A00B9F471 /* SceneKitProjectUITests.swift */,
				E6CE5F20234D441A00B9F471 /* Info.plist */,
			);
			path = SceneKitProjectUITests;
			sourceTree = "<group>";
		};
/* End PBXGroup section */

/* Begin PBXNativeTarget section */
		E6CE5EF8234D441900B9F471 /* SceneKitProject */ = {
			isa = PBXNativeTarget;
			buildConfigurationList = E6CE5F23234D441A00B9F471 /* Build configuration list for PBXNativeTarget "SceneKitProject" */;
			buildPhases = (
				E6CE5EF5234D441900B9F471 /* Sources */,
				E6CE5EF6234D441900B9F471 /* Frameworks */,
				E6CE5EF7234D441900B9F471 /* Resources */,
			);
			buildRules = (
			);
			dependencies = (
			);
			name = SceneKitProject;
			productName = SceneKitProject;
			productReference = E6CE5EF9234D441900B9F471 /* SceneKitProject.app */;
			productType = "com.apple.product-type.application";
		};
		E6CE5F0E234D441A00B9F471 /* SceneKitProjectTests */ = {
			isa = PBXNativeTarget;
			buildConfigurationList = E6CE5F26234D441A00B9F471 /* Build configuration list for PBXNativeTarget "SceneKitProjectTests" */;
			buildPhases = (
				E6CE5F0B234D441A00B9F471 /* Sources */,
				E6CE5F0C234D441A00B9F471 /* Frameworks */,
				E6CE5F0D234D441A00B9F471 /* Resources */,
			);
			buildRules = (
			);
			dependencies = (
				E6CE5F11234D441A00B9F471 /* PBXTargetDependency */,
			);
			name = SceneKitProjectTests;
			productName = SceneKitProjectTests;
			productReference = E6CE5F0F234D441A00B9F471 /* SceneKitProjectTests.xctest */;
			productType = "com.apple.product-type.bundle.unit-test";
		};
		E6CE5F19234D441A00B9F471 /* SceneKitProjectUITests */ = {
			isa = PBXNativeTarget;
			buildConfigurationList = E6CE5F29234D441A00B9F471 /* Build configuration list for PBXNativeTarget "SceneKitProjectUITests" */;
			buildPhases = (
				E6CE5F16234D441A00B9F471 /* Sources */,
				E6CE5F17234D441A00B9F471 /* Frameworks */,
				E6CE5F18234D441A00B9F471 /* Resources */,
			);
			buildRules = (
			);
			dependencies = (
				E6CE5F1C234D441A00B9F471 /* PBXTargetDependency */,
			);
			name = SceneKitProjectUITests;
			productName = SceneKitProjectUITests;
			productReference = E6CE5F1A234D441A00B9F471 /* SceneKitProjectUITests.xctest */;
			productType = "com.apple.product-type.bundle.ui-testing";
		};
/* End PBXNativeTarget section */

/* Begin PBXProject section */
		E6CE5EF1234D441900B9F471 /* Project object */ = {
			isa = PBXProject;
			attributes = {
				LastSwiftUpdateCheck = 1100;
				LastUpgradeCheck = 1100;
				ORGANIZATIONNAME = "Shreyans Khunteta";
				TargetAttributes = {
					E6CE5EF8234D441900B9F471 = {
						CreatedOnToolsVersion = 11.0;
					};
					E6CE5F0E234D441A00B9F471 = {
						CreatedOnToolsVersion = 11.0;
						TestTargetID = E6CE5EF8234D441900B9F471;
					};
					E6CE5F19234D441A00B9F471 = {
						CreatedOnToolsVersion = 11.0;
						TestTargetID = E6CE5EF8234D441900B9F471;
					};
				};
			};
			buildConfigurationList = E6CE5EF4234D441900B9F471 /* Build configuration list for PBXProject "SceneKitProject" */;
			compatibilityVersion = "Xcode 9.3";
			developmentRegion = en;
			hasScannedForEncodings = 0;
			knownRegions = (
				en,
				Base,
			);
			mainGroup = E6CE5EF0234D441900B9F471;
			productRefGroup = E6CE5EFA234D441900B9F471 /* Products */;
			projectDirPath = "";
			projectRoot = "";
			targets = (
				E6CE5EF8234D441900B9F471 /* SceneKitProject */,
				E6CE5F0E234D441A00B9F471 /* SceneKitProjectTests */,
				E6CE5F19234D441A00B9F471 /* SceneKitProjectUITests */,
			);
		};
/* End PBXProject section */

/* Begin PBXResourcesBuildPhase section */
		E6CE5EF7234D441900B9F471 /* Resources */ = {
			isa = PBXResourcesBuildPhase;
			buildActionMask = 2147483647;
			files = (
				E6CE5EFF234D441900B9F471 /* art.scnassets in Resources */,
				E6CE5F09234D441A00B9F471 /* LaunchScreen.storyboard in Resources */,
				E6CE5F06234D441A00B9F471 /* Assets.xcassets in Resources */,
				E6CE5F04234D441900B9F471 /* Main.storyboard in Resources */,
			);
			runOnlyForDeploymentPostprocessing = 0;
		};
		E6CE5F0D234D441A00B9F471 /* Resources */ = {
			isa = PBXResourcesBuildPhase;
			buildActionMask = 2147483647;
			files = (
			);
			runOnlyForDeploymentPostprocessing = 0;
		};
		E6CE5F18234D441A00B9F471 /* Resources */ = {
			isa = PBXResourcesBuildPhase;
			buildActionMask = 2147483647;
			files = (
			);
			runOnlyForDeploymentPostprocessing = 0;
		};
/* End PBXResourcesBuildPhase section */

/* Begin PBXSourcesBuildPhase section */
		E6CE5EF5234D441900B9F471 /* Sources */ = {
			isa = PBXSourcesBuildPhase;
			buildActionMask = 2147483647;
			files = (
				E6CE5F01234D441900B9F471 /* ViewController.swift in Sources */,
				E6CE5EFD234D441900B9F471 /* AppDelegate.swift in Sources */,
			);
			runOnlyForDeploymentPostprocessing = 0;
		};
		E6CE5F0B234D441A00B9F471 /* Sources */ = {
			isa = PBXSourcesBuildPhase;
			buildActionMask = 2147483647;
			files = (
				E6CE5F14234D441A00B9F471 /* SceneKitProjectTests.swift in Sources */,
			);
			runOnlyForDeploymentPostprocessing = 0;
		};
		E6CE5F16234D441A00B9F471 /* Sources */ = {
			isa = PBXSourcesBuildPhase;
			buildActionMask = 2147483647;
			files = (
				E6CE5F1F234D441A00B9F471 /* SceneKitProjectUITests.swift in Sources */,
			);
			runOnlyForDeploymentPostprocessing = 0;
		};
/* End PBXSourcesBuildPhase section */

/* Begin PBXTargetDependency section */
		E6CE5F11234D441A00B9F471 /* PBXTargetDependency */ = {
			isa = PBXTargetDependency;
			target = E6CE5EF8234D441900B9F471 /* SceneKitProject */;
			targetProxy = E6CE5F10234D441A00B9F471 /* PBXContainerItemProxy */;
		};
		E6CE5F1C234D441A00B9F471 /* PBXTargetDependency */ = {
			isa = PBXTargetDependency;
			target = E6CE5EF8234D441900B9F471 /* SceneKitProject */;
			targetProxy = E6CE5F1B234D441A00B9F471 /* PBXContainerItemProxy */;
		};
/* End PBXTargetDependency section */

/* Begin PBXVariantGroup section */
		E6CE5F02234D441900B9F471 /* Main.storyboard */ = {
			isa = PBXVariantGroup;
			children = (
				E6CE5F03234D441900B9F471 /* Base */,
			);
			name = Main.storyboard;
			sourceTree = "<group>";
		};
		E6CE5F07234D441A00B9F471 /* LaunchScreen.storyboard */ = {
			isa = PBXVariantGroup;
			children = (
				E6CE5F08234D441A00B9F471 /* Base */,
			);
			name = LaunchScreen.storyboard;
			sourceTree = "<group>";
		};
/* End PBXVariantGroup section */

/* Begin XCBuildConfiguration section */
		E6CE5F21234D441A00B9F471 /* Debug */ = {
			isa = XCBuildConfiguration;
			buildSettings = {
				ALWAYS_SEARCH_USER_PATHS = NO;
				CLANG_ANALYZER_NONNULL = YES;
				CLANG_ANALYZER_NUMBER_OBJECT_CONVERSION = YES_AGGRESSIVE;
				CLANG_CXX_LANGUAGE_STANDARD = "gnu++14";
				CLANG_CXX_LIBRARY = "libc++";
				CLANG_ENABLE_MODULES = YES;
				CLANG_ENABLE_OBJC_ARC = YES;
				CLANG_ENABLE_OBJC_WEAK = YES;
				CLANG_WARN_BLOCK_CAPTURE_AUTORELEASING = YES;
				CLANG_WARN_BOOL_CONVERSION = YES;
				CLANG_WARN_COMMA = YES;
				CLANG_WARN_CONSTANT_CONVERSION = YES;
				CLANG_WARN_DEPRECATED_OBJC_IMPLEMENTATIONS = YES;
				CLANG_WARN_DIRECT_OBJC_ISA_USAGE = YES_ERROR;
				CLANG_WARN_DOCUMENTATION_COMMENTS = YES;
				CLANG_WARN_EMPTY_BODY = YES;
				CLANG_WARN_ENUM_CONVERSION = YES;
				CLANG_WARN_INFINITE_RECURSION = YES;
				CLANG_WARN_INT_CONVERSION = YES;
				CLANG_WARN_NON_LITERAL_NULL_CONVERSION = YES;
				CLANG_WARN_OBJC_IMPLICIT_RETAIN_SELF = YES;
				CLANG_WARN_OBJC_LITERAL_CONVERSION = YES;
				CLANG_WARN_OBJC_ROOT_CLASS = YES_ERROR;
				CLANG_WARN_RANGE_LOOP_ANALYSIS = YES;
				CLANG_WARN_STRICT_PROTOTYPES = YES;
				CLANG_WARN_SUSPICIOUS_MOVE = YES;
				CLANG_WARN_UNGUARDED_AVAILABILITY = YES_AGGRESSIVE;
				CLANG_WARN_UNREACHABLE_CODE = YES;
				CLANG_WARN__DUPLICATE_METHOD_MATCH = YES;
				COPY_PHASE_STRIP = NO;
				DEBUG_INFORMATION_FORMAT = dwarf;
				ENABLE_STRICT_OBJC_MSGSEND = YES;
				ENABLE_TESTABILITY = YES;
				GCC_C_LANGUAGE_STANDARD = gnu11;
				GCC_DYNAMIC_NO_PIC = NO;
				GCC_NO_COMMON_BLOCKS = YES;
				GCC_OPTIMIZATION_LEVEL = 0;
				GCC_PREPROCESSOR_DEFINITIONS = (
					"DEBUG=1",
					"$(inherited)",
				);
				GCC_WARN_64_TO_32_BIT_CONVERSION = YES;
				GCC_WARN_ABOUT_RETURN_TYPE = YES_ERROR;
				GCC_WARN_UNDECLARED_SELECTOR = YES;
				GCC_WARN_UNINITIALIZED_AUTOS = YES_AGGRESSIVE;
				GCC_WARN_UNUSED_FUNCTION = YES;
				GCC_WARN_UNUSED_VARIABLE = YES;
				IPHONEOS_DEPLOYMENT_TARGET = 13.0;
				MTL_ENABLE_DEBUG_INFO = INCLUDE_SOURCE;
				MTL_FAST_MATH = YES;
				ONLY_ACTIVE_ARCH = YES;
				SDKROOT = iphoneos;
				SWIFT_ACTIVE_COMPILATION_CONDITIONS = DEBUG;
				SWIFT_OPTIMIZATION_LEVEL = "-Onone";
			};
			name = Debug;
		};
		E6CE5F22234D441A00B9F471 /* Release */ = {
			isa = XCBuildConfiguration;
			buildSettings = {
				ALWAYS_SEARCH_USER_PATHS = NO;
				CLANG_ANALYZER_NONNULL = YES;
				CLANG_ANALYZER_NUMBER_OBJECT_CONVERSION = YES_AGGRESSIVE;
				CLANG_CXX_LANGUAGE_STANDARD = "gnu++14";
				CLANG_CXX_LIBRARY = "libc++";
				CLANG_ENABLE_MODULES = YES;
				CLANG_ENABLE_OBJC_ARC = YES;
				CLANG_ENABLE_OBJC_WEAK = YES;
				CLANG_WARN_BLOCK_CAPTURE_AUTORELEASING = YES;
				CLANG_WARN_BOOL_CONVERSION = YES;
				CLANG_WARN_COMMA = YES;
				CLANG_WARN_CONSTANT_CONVERSION = YES;
				CLANG_WARN_DEPRECATED_OBJC_IMPLEMENTATIONS = YES;
				CLANG_WARN_DIRECT_OBJC_ISA_USAGE = YES_ERROR;
				CLANG_WARN_DOCUMENTATION_COMMENTS = YES;
				CLANG_WARN_EMPTY_BODY = YES;
				CLANG_WARN_ENUM_CONVERSION = YES;
				CLANG_WARN_INFINITE_RECURSION = YES;
				CLANG_WARN_INT_CONVERSION = YES;
				CLANG_WARN_NON_LITERAL_NULL_CONVERSION = YES;
				CLANG_WARN_OBJC_IMPLICIT_RETAIN_SELF = YES;
				CLANG_WARN_OBJC_LITERAL_CONVERSION = YES;
				CLANG_WARN_OBJC_ROOT_CLASS = YES_ERROR;
				CLANG_WARN_RANGE_LOOP_ANALYSIS = YES;
				CLANG_WARN_STRICT_PROTOTYPES = YES;
				CLANG_WARN_SUSPICIOUS_MOVE = YES;
				CLANG_WARN_UNGUARDED_AVAILABILITY = YES_AGGRESSIVE;
				CLANG_WARN_UNREACHABLE_CODE = YES;
				CLANG_WARN__DUPLICATE_METHOD_MATCH = YES;
				COPY_PHASE_STRIP = NO;
				DEBUG_INFORMATION_FORMAT = "dwarf-with-dsym";
				ENABLE_NS_ASSERTIONS = NO;
				ENABLE_STRICT_OBJC_MSGSEND = YES;
				GCC_C_LANGUAGE_STANDARD = gnu11;
				GCC_NO_COMMON_BLOCKS = YES;
				GCC_WARN_64_TO_32_BIT_CONVERSION = YES;
				GCC_WARN_ABOUT_RETURN_TYPE = YES_ERROR;
				GCC_WARN_UNDECLARED_SELECTOR = YES;
				GCC_WARN_UNINITIALIZED_AUTOS = YES_AGGRESSIVE;
				GCC_WARN_UNUSED_FUNCTION = YES;
				GCC_WARN_UNUSED_VARIABLE = YES;
				IPHONEOS_DEPLOYMENT_TARGET = 13.0;
				MTL_ENABLE_DEBUG_INFO = NO;
				MTL_FAST_MATH = YES;
				SDKROOT = iphoneos;
				SWIFT_COMPILATION_MODE = wholemodule;
				SWIFT_OPTIMIZATION_LEVEL = "-O";
				VALIDATE_PRODUCT = YES;
			};
			name = Release;
		};
		E6CE5F24234D441A00B9F471 /* Debug */ = {
			isa = XCBuildConfiguration;
			buildSettings = {
				ASSETCATALOG_COMPILER_APPICON_NAME = AppIcon;
				CODE_SIGN_STYLE = Automatic;
				DEVELOPMENT_TEAM = GV3CYWVNCS;
				INFOPLIST_FILE = SceneKitProject/Info.plist;
				LD_RUNPATH_SEARCH_PATHS = (
					"$(inherited)",
					"@executable_path/Frameworks",
				);
				PRODUCT_BUNDLE_IDENTIFIER = Shrey.SceneKitProject;
				PRODUCT_NAME = "$(TARGET_NAME)";
				SWIFT_VERSION = 5.0;
				TARGETED_DEVICE_FAMILY = "1,2";
			};
			name = Debug;
		};
		E6CE5F25234D441A00B9F471 /* Release */ = {
			isa = XCBuildConfiguration;
			buildSettings = {
				ASSETCATALOG_COMPILER_APPICON_NAME = AppIcon;
				CODE_SIGN_STYLE = Automatic;
				DEVELOPMENT_TEAM = GV3CYWVNCS;
				INFOPLIST_FILE = SceneKitProject/Info.plist;
				LD_RUNPATH_SEARCH_PATHS = (
					"$(inherited)",
					"@executable_path/Frameworks",
				);
				PRODUCT_BUNDLE_IDENTIFIER = Shrey.SceneKitProject;
				PRODUCT_NAME = "$(TARGET_NAME)";
				SWIFT_VERSION = 5.0;
				TARGETED_DEVICE_FAMILY = "1,2";
			};
			name = Release;
		};
		E6CE5F27234D441A00B9F471 /* Debug */ = {
			isa = XCBuildConfiguration;
			buildSettings = {
				ALWAYS_EMBED_SWIFT_STANDARD_LIBRARIES = YES;
				BUNDLE_LOADER = "$(TEST_HOST)";
				CODE_SIGN_STYLE = Automatic;
				DEVELOPMENT_TEAM = GV3CYWVNCS;
				INFOPLIST_FILE = SceneKitProjectTests/Info.plist;
				IPHONEOS_DEPLOYMENT_TARGET = 13.0;
				LD_RUNPATH_SEARCH_PATHS = (
					"$(inherited)",
					"@executable_path/Frameworks",
					"@loader_path/Frameworks",
				);
				PRODUCT_BUNDLE_IDENTIFIER = Shrey.SceneKitProjectTests;
				PRODUCT_NAME = "$(TARGET_NAME)";
				SWIFT_VERSION = 5.0;
				TARGETED_DEVICE_FAMILY = "1,2";
				TEST_HOST = "$(BUILT_PRODUCTS_DIR)/SceneKitProject.app/SceneKitProject";
			};
			name = Debug;
		};
		E6CE5F28234D441A00B9F471 /* Release */ = {
			isa = XCBuildConfiguration;
			buildSettings = {
				ALWAYS_EMBED_SWIFT_STANDARD_LIBRARIES = YES;
				BUNDLE_LOADER = "$(TEST_HOST)";
				CODE_SIGN_STYLE = Automatic;
				DEVELOPMENT_TEAM = GV3CYWVNCS;
				INFOPLIST_FILE = SceneKitProjectTests/Info.plist;
				IPHONEOS_DEPLOYMENT_TARGET = 13.0;
				LD_RUNPATH_SEARCH_PATHS = (
					"$(inherited)",
					"@executable_path/Frameworks",
					"@loader_path/Frameworks",
				);
				PRODUCT_BUNDLE_IDENTIFIER = Shrey.SceneKitProjectTests;
				PRODUCT_NAME = "$(TARGET_NAME)";
				SWIFT_VERSION = 5.0;
				TARGETED_DEVICE_FAMILY = "1,2";
				TEST_HOST = "$(BUILT_PRODUCTS_DIR)/SceneKitProject.app/SceneKitProject";
			};
			name = Release;
		};
		E6CE5F2A234D441A00B9F471 /* Debug */ = {
			isa = XCBuildConfiguration;
			buildSettings = {
				ALWAYS_EMBED_SWIFT_STANDARD_LIBRARIES = YES;
				CODE_SIGN_STYLE = Automatic;
				DEVELOPMENT_TEAM = GV3CYWVNCS;
				INFOPLIST_FILE = SceneKitProjectUITests/Info.plist;
				LD_RUNPATH_SEARCH_PATHS = (
					"$(inherited)",
					"@executable_path/Frameworks",
					"@loader_path/Frameworks",
				);
				PRODUCT_BUNDLE_IDENTIFIER = Shrey.SceneKitProjectUITests;
				PRODUCT_NAME = "$(TARGET_NAME)";
				SWIFT_VERSION = 5.0;
				TARGETED_DEVICE_FAMILY = "1,2";
				TEST_TARGET_NAME = SceneKitProject;
			};
			name = Debug;
		};
		E6CE5F2B234D441A00B9F471 /* Release */ = {
			isa = XCBuildConfiguration;
			buildSettings = {
				ALWAYS_EMBED_SWIFT_STANDARD_LIBRARIES = YES;
				CODE_SIGN_STYLE = Automatic;
				DEVELOPMENT_TEAM = GV3CYWVNCS;
				INFOPLIST_FILE = SceneKitProjectUITests/Info.plist;
				LD_RUNPATH_SEARCH_PATHS = (
					"$(inherited)",
					"@executable_path/Frameworks",
					"@loader_path/Frameworks",
				);
				PRODUCT_BUNDLE_IDENTIFIER = Shrey.SceneKitProjectUITests;
				PRODUCT_NAME = "$(TARGET_NAME)";
				SWIFT_VERSION = 5.0;
				TARGETED_DEVICE_FAMILY = "1,2";
				TEST_TARGET_NAME = SceneKitProject;
			};
			name = Release;
		};
/* End XCBuildConfiguration section */

/* Begin XCConfigurationList section */
		E6CE5EF4234D441900B9F471 /* Build configuration list for PBXProject "SceneKitProject" */ = {
			isa = XCConfigurationList;
			buildConfigurations = (
				E6CE5F21234D441A00B9F471 /* Debug */,
				E6CE5F22234D441A00B9F471 /* Release */,
			);
			defaultConfigurationIsVisible = 0;
			defaultConfigurationName = Release;
		};
		E6CE5F23234D441A00B9F471 /* Build configuration list for PBXNativeTarget "SceneKitProject" */ = {
			isa = XCConfigurationList;
			buildConfigurations = (
				E6CE5F24234D441A00B9F471 /* Debug */,
				E6CE5F25234D441A00B9F471 /* Release */,
			);
			defaultConfigurationIsVisible = 0;
			defaultConfigurationName = Release;
		};
		E6CE5F26234D441A00B9F471 /* Build configuration list for PBXNativeTarget "SceneKitProjectTests" */ = {
			isa = XCConfigurationList;
			buildConfigurations = (
				E6CE5F27234D441A00B9F471 /* Debug */,
				E6CE5F28234D441A00B9F471 /* Release */,
			);
			defaultConfigurationIsVisible = 0;
			defaultConfigurationName = Release;
		};
		E6CE5F29234D441A00B9F471 /* Build configuration list for PBXNativeTarget "SceneKitProjectUITests" */ = {
			isa = XCConfigurationList;
			buildConfigurations = (
				E6CE5F2A234D441A00B9F471 /* Debug */,
				E6CE5F2B234D441A00B9F471 /* Release */,
			);
			defaultConfigurationIsVisible = 0;
			defaultConfigurationName = Release;
		};
/* End XCConfigurationList section */
	};
	rootObject = E6CE5EF1234D441900B9F471 /* Project object */;
}
